
Microsoft Visual Studio Solution File, Format Version 12.00
# Visual Studio Version 16
VisualStudioVersion = 16.0.30907.101
MinimumVisualStudioVersion = 10.0.40219.1
Project("{9A19103F-16F7-4668-BE54-9A1E7A4F7556}") = "Caravansary", "Caravansary\Caravansary.csproj", "{E22B962F-74EF-4C92-9063-FD555DB1FE49}"
EndProject
Project("{9A19103F-16F7-4668-BE54-9A1E7A4F7556}") = "Caravansary.Core", "Caravansary.Core\Caravansary.Core.csproj", "{B7AE387C-42F7-4A46-BD8E-DD37088C21C6}"
EndProject
Project("{9A19103F-16F7-4668-BE54-9A1E7A4F7556}") = "TEMPORARYPROJECTFORSPLIT", "TEMPORARYPROJECTFORSPLIT\TEMPORARYPROJECTFORSPLIT.csproj", "{4E5A8002-CBD1-4DAB-B586-FBCCECC53BE3}"
EndProject
Project("{9A19103F-16F7-4668-BE54-9A1E7A4F7556}") = "Plugger", "Plugger\Plugger.csproj", "{5465FDA8-DF25-4642-9B9A-D0D68563AE52}"
EndProject
Project("{2150E333-8FDC-42A3-9474-1A3956D46DE8}") = "PlugBoard", "PlugBoard", "{CEEEBD35-F7CA-4D09-B110-590C6FA779A2}"
EndProject
Project("{9A19103F-16F7-4668-BE54-9A1E7A4F7556}") = "TestingLibrary", "TestingLibrary\TestingLibrary.csproj", "{E1D19AB4-D294-4357-A0BA-B458374FE872}"
EndProject
Global
	GlobalSection(SolutionConfigurationPlatforms) = preSolution
		Debug|Any CPU = Debug|Any CPU
		Debug|x64 = Debug|x64
		Debug|x86 = Debug|x86
		Release|Any CPU = Release|Any CPU
		Release|x64 = Release|x64
		Release|x86 = Release|x86
	EndGlobalSection
	GlobalSection(ProjectConfigurationPlatforms) = postSolution
		{E22B962F-74EF-4C92-9063-FD555DB1FE49}.Debug|Any CPU.ActiveCfg = Debug|Any CPU
		{E22B962F-74EF-4C92-9063-FD555DB1FE49}.Debug|Any CPU.Build.0 = Debug|Any CPU
		{E22B962F-74EF-4C92-9063-FD555DB1FE49}.Debug|x64.ActiveCfg = Debug|Any CPU
		{E22B962F-74EF-4C92-9063-FD555DB1FE49}.Debug|x64.Build.0 = Debug|Any CPU
		{E22B962F-74EF-4C92-9063-FD555DB1FE49}.Debug|x86.ActiveCfg = Debug|x86
		{E22B962F-74EF-4C92-9063-FD555DB1FE49}.Debug|x86.Build.0 = Debug|x86
		{E22B962F-74EF-4C92-9063-FD555DB1FE49}.Release|Any CPU.ActiveCfg = Release|Any CPU
		{E22B962F-74EF-4C92-9063-FD555DB1FE49}.Release|Any CPU.Build.0 = Release|Any CPU
		{E22B962F-74EF-4C92-9063-FD555DB1FE49}.Release|x64.ActiveCfg = Release|x64
		{E22B962F-74EF-4C92-9063-FD555DB1FE49}.Release|x64.Build.0 = Release|x64
		{E22B962F-74EF-4C92-9063-FD555DB1FE49}.Release|x86.ActiveCfg = Release|x86
		{E22B962F-74EF-4C92-9063-FD555DB1FE49}.Release|x86.Build.0 = Release|x86
		{B7AE387C-42F7-4A46-BD8E-DD37088C21C6}.Debug|Any CPU.ActiveCfg = Debug|Any CPU
		{B7AE387C-42F7-4A46-BD8E-DD37088C21C6}.Debug|Any CPU.Build.0 = Debug|Any CPU
		{B7AE387C-42F7-4A46-BD8E-DD37088C21C6}.Debug|x64.ActiveCfg = Debug|Any CPU
		{B7AE387C-42F7-4A46-BD8E-DD37088C21C6}.Debug|x64.Build.0 = Debug|Any CPU
		{B7AE387C-42F7-4A46-BD8E-DD37088C21C6}.Debug|x86.ActiveCfg = Debug|Any CPU
		{B7AE387C-42F7-4A46-BD8E-DD37088C21C6}.Debug|x86.Build.0 = Debug|Any CPU
		{B7AE387C-42F7-4A46-BD8E-DD37088C21C6}.Release|Any CPU.ActiveCfg = Release|Any CPU
		{B7AE387C-42F7-4A46-BD8E-DD37088C21C6}.Release|Any CPU.Build.0 = Release|Any CPU
		{B7AE387C-42F7-4A46-BD8E-DD37088C21C6}.Release|x64.ActiveCfg = Release|Any CPU
		{B7AE387C-42F7-4A46-BD8E-DD37088C21C6}.Release|x64.Build.0 = Release|Any CPU
		{B7AE387C-42F7-4A46-BD8E-DD37088C21C6}.Release|x86.ActiveCfg = Release|Any CPU
		{B7AE387C-42F7-4A46-BD8E-DD37088C21C6}.Release|x86.Build.0 = Release|Any CPU
		{4E5A8002-CBD1-4DAB-B586-FBCCECC53BE3}.Debug|Any CPU.ActiveCfg = Debug|Any CPU
		{4E5A8002-CBD1-4DAB-B586-FBCCECC53BE3}.Debug|Any CPU.Build.0 = Debug|Any CPU
		{4E5A8002-CBD1-4DAB-B586-FBCCECC53BE3}.Debug|x64.ActiveCfg = Debug|Any CPU
		{4E5A8002-CBD1-4DAB-B586-FBCCECC53BE3}.Debug|x64.Build.0 = Debug|Any CPU
		{4E5A8002-CBD1-4DAB-B586-FBCCECC53BE3}.Debug|x86.ActiveCfg = Debug|Any CPU
		{4E5A8002-CBD1-4DAB-B586-FBCCECC53BE3}.Debug|x86.Build.0 = Debug|Any CPU
		{4E5A8002-CBD1-4DAB-B586-FBCCECC53BE3}.Release|Any CPU.ActiveCfg = Release|Any CPU
		{4E5A8002-CBD1-4DAB-B586-FBCCECC53BE3}.Release|Any CPU.Build.0 = Release|Any CPU
		{4E5A8002-CBD1-4DAB-B586-FBCCECC53BE3}.Release|x64.ActiveCfg = Release|Any CPU
		{4E5A8002-CBD1-4DAB-B586-FBCCECC53BE3}.Release|x64.Build.0 = Release|Any CPU
		{4E5A8002-CBD1-4DAB-B586-FBCCECC53BE3}.Release|x86.ActiveCfg = Release|Any CPU
		{4E5A8002-CBD1-4DAB-B586-FBCCECC53BE3}.Release|x86.Build.0 = Release|Any CPU
		{5465FDA8-DF25-4642-9B9A-D0D68563AE52}.Debug|Any CPU.ActiveCfg = Debug|Any CPU
		{5465FDA8-DF25-4642-9B9A-D0D68563AE52}.Debug|Any CPU.Build.0 = Debug|Any CPU
		{5465FDA8-DF25-4642-9B9A-D0D68563AE52}.Debug|x64.ActiveCfg = Debug|Any CPU
		{5465FDA8-DF25-4642-9B9A-D0D68563AE52}.Debug|x64.Build.0 = Debug|Any CPU
		{5465FDA8-DF25-4642-9B9A-D0D68563AE52}.Debug|x86.ActiveCfg = Debug|Any CPU
		{5465FDA8-DF25-4642-9B9A-D0D68563AE52}.Debug|x86.Build.0 = Debug|Any CPU
		{5465FDA8-DF25-4642-9B9A-D0D68563AE52}.Release|Any CPU.ActiveCfg = Release|Any CPU
		{5465FDA8-DF25-4642-9B9A-D0D68563AE52}.Release|Any CPU.Build.0 = Release|Any CPU
		{5465FDA8-DF25-4642-9B9A-D0D68563AE52}.Release|x64.ActiveCfg = Release|Any CPU
		{5465FDA8-DF25-4642-9B9A-D0D68563AE52}.Release|x64.Build.0 = Release|Any CPU
		{5465FDA8-DF25-4642-9B9A-D0D68563AE52}.Release|x86.ActiveCfg = Release|Any CPU
		{5465FDA8-DF25-4642-9B9A-D0D68563AE52}.Release|x86.Build.0 = Release|Any CPU
		{E1D19AB4-D294-4357-A0BA-B458374FE872}.Debug|Any CPU.ActiveCfg = Debug|Any CPU
		{E1D19AB4-D294-4357-A0BA-B458374FE872}.Debug|Any CPU.Build.0 = Debug|Any CPU
		{E1D19AB4-D294-4357-A0BA-B458374FE872}.Debug|x64.ActiveCfg = Debug|Any CPU
		{E1D19AB4-D294-4357-A0BA-B458374FE872}.Debug|x64.Build.0 = Debug|Any CPU
		{E1D19AB4-D294-4357-A0BA-B458374FE872}.Debug|x86.ActiveCfg = Debug|Any CPU
		{E1D19AB4-D294-4357-A0BA-B458374FE872}.Debug|x86.Build.0 = Debug|Any CPU
		{E1D19AB4-D294-4357-A0BA-B458374FE872}.Release|Any CPU.ActiveCfg = Release|Any CPU
		{E1D19AB4-D294-4357-A0BA-B458374FE872}.Release|Any CPU.Build.0 = Release|Any CPU
		{E1D19AB4-D294-4357-A0BA-B458374FE872}.Release|x64.ActiveCfg = Release|Any CPU
		{E1D19AB4-D294-4357-A0BA-B458374FE872}.Release|x64.Build.0 = Release|Any CPU
		{E1D19AB4-D294-4357-A0BA-B458374FE872}.Release|x86.ActiveCfg = Release|Any CPU
		{E1D19AB4-D294-4357-A0BA-B458374FE872}.Release|x86.Build.0 = Release|Any CPU
	EndGlobalSection
	GlobalSection(SolutionProperties) = preSolution
		HideSolutionNode = FALSE
	EndGlobalSection
	GlobalSection(ExtensibilityGlobals) = postSolution
		SolutionGuid = {572B700F-FA39-4FD4-8C09-925248D62262}
	EndGlobalSection
EndGlobal
