
Microsoft Visual Studio Solution File, Format Version 12.00
# Visual Studio Version 16
VisualStudioVersion = 16.0.30907.101
MinimumVisualStudioVersion = 10.0.40219.1
Project("{9A19103F-16F7-4668-BE54-9A1E7A4F7556}") = "Caravansary", "Caravansary\Caravansary.csproj", "{E22B962F-74EF-4C92-9063-FD555DB1FE49}"
EndProject
Project("{9A19103F-16F7-4668-BE54-9A1E7A4F7556}") = "TEMPORARYPROJECTFORSPLIT", "TEMPORARYPROJECTFORSPLIT\TEMPORARYPROJECTFORSPLIT.csproj", "{4E5A8002-CBD1-4DAB-B586-FBCCECC53BE3}"
EndProject
Project("{9A19103F-16F7-4668-BE54-9A1E7A4F7556}") = "Caravansary.SDK", "Caravansary.SDK\Caravansary.SDK.csproj", "{5465FDA8-DF25-4642-9B9A-D0D68563AE52}"
EndProject
Global
	GlobalSection(SolutionConfigurationPlatforms) = preSolution
		Debug|Any CPU = Debug|Any CPU
		Debug|x64 = Debug|x64
		Debug|x86 = Debug|x86
		Release|Any CPU = Release|Any CPU
		Release|x64 = Release|x64
		Release|x86 = Release|x86
	EndGlobalSection
	GlobalSection(ProjectConfigurationPlatforms) = postSolution
		{E22B962F-74EF-4C92-9063-FD555DB1FE49}.Debug|Any CPU.ActiveCfg = Debug|Any CPU
		{E22B962F-74EF-4C92-9063-FD555DB1FE49}.Debug|Any CPU.Build.0 = Debug|Any CPU
		{E22B962F-74EF-4C92-9063-FD555DB1FE49}.Debug|x64.ActiveCfg = Debug|Any CPU
		{E22B962F-74EF-4C92-9063-FD555DB1FE49}.Debug|x64.Build.0 = Debug|Any CPU
		{E22B962F-74EF-4C92-9063-FD555DB1FE49}.Debug|x86.ActiveCfg = Debug|x86
		{E22B962F-74EF-4C92-9063-FD555DB1FE49}.Debug|x86.Build.0 = Debug|x86
		{E22B962F-74EF-4C92-9063-FD555DB1FE49}.Release|Any CPU.ActiveCfg = Release|Any CPU
		{E22B962F-74EF-4C92-9063-FD555DB1FE49}.Release|Any CPU.Build.0 = Release|Any CPU
		{E22B962F-74EF-4C92-9063-FD555DB1FE49}.Release|x64.ActiveCfg = Release|Any CPU
		{E22B962F-74EF-4C92-9063-FD555DB1FE49}.Release|x64.Build.0 = Release|Any CPU
		{E22B962F-74EF-4C92-9063-FD555DB1FE49}.Release|x86.ActiveCfg = Release|Any CPU
		{E22B962F-74EF-4C92-9063-FD555DB1FE49}.Release|x86.Build.0 = Release|Any CPU
		{4E5A8002-CBD1-4DAB-B586-FBCCECC53BE3}.Debug|Any CPU.ActiveCfg = Debug|Any CPU
		{4E5A8002-CBD1-4DAB-B586-FBCCECC53BE3}.Debug|Any CPU.Build.0 = Debug|Any CPU
		{4E5A8002-CBD1-4DAB-B586-FBCCECC53BE3}.Debug|x64.ActiveCfg = Debug|Any CPU
		{4E5A8002-CBD1-4DAB-B586-FBCCECC53BE3}.Debug|x64.Build.0 = Debug|Any CPU
		{4E5A8002-CBD1-4DAB-B586-FBCCECC53BE3}.Debug|x86.ActiveCfg = Debug|Any CPU
		{4E5A8002-CBD1-4DAB-B586-FBCCECC53BE3}.Debug|x86.Build.0 = Debug|Any CPU
		{4E5A8002-CBD1-4DAB-B586-FBCCECC53BE3}.Release|Any CPU.ActiveCfg = Release|Any CPU
		{4E5A8002-CBD1-4DAB-B586-FBCCECC53BE3}.Release|Any CPU.Build.0 = Release|Any CPU
		{4E5A8002-CBD1-4DAB-B586-FBCCECC53BE3}.Release|x64.ActiveCfg = Release|Any CPU
		{4E5A8002-CBD1-4DAB-B586-FBCCECC53BE3}.Release|x64.Build.0 = Release|Any CPU
		{4E5A8002-CBD1-4DAB-B586-FBCCECC53BE3}.Release|x86.ActiveCfg = Release|Any CPU
		{4E5A8002-CBD1-4DAB-B586-FBCCECC53BE3}.Release|x86.Build.0 = Release|Any CPU
		{5465FDA8-DF25-4642-9B9A-D0D68563AE52}.Debug|Any CPU.ActiveCfg = Debug|Any CPU
		{5465FDA8-DF25-4642-9B9A-D0D68563AE52}.Debug|Any CPU.Build.0 = Debug|Any CPU
		{5465FDA8-DF25-4642-9B9A-D0D68563AE52}.Debug|x64.ActiveCfg = Debug|Any CPU
		{5465FDA8-DF25-4642-9B9A-D0D68563AE52}.Debug|x64.Build.0 = Debug|Any CPU
		{5465FDA8-DF25-4642-9B9A-D0D68563AE52}.Debug|x86.ActiveCfg = Debug|Any CPU
		{5465FDA8-DF25-4642-9B9A-D0D68563AE52}.Debug|x86.Build.0 = Debug|Any CPU
		{5465FDA8-DF25-4642-9B9A-D0D68563AE52}.Release|Any CPU.ActiveCfg = Release|Any CPU
		{5465FDA8-DF25-4642-9B9A-D0D68563AE52}.Release|Any CPU.Build.0 = Release|Any CPU
		{5465FDA8-DF25-4642-9B9A-D0D68563AE52}.Release|x64.ActiveCfg = Release|Any CPU
		{5465FDA8-DF25-4642-9B9A-D0D68563AE52}.Release|x64.Build.0 = Release|Any CPU
		{5465FDA8-DF25-4642-9B9A-D0D68563AE52}.Release|x86.ActiveCfg = Release|Any CPU
		{5465FDA8-DF25-4642-9B9A-D0D68563AE52}.Release|x86.Build.0 = Release|Any CPU
	EndGlobalSection
	GlobalSection(SolutionProperties) = preSolution
		HideSolutionNode = FALSE
	EndGlobalSection
	GlobalSection(ExtensibilityGlobals) = postSolution
		SolutionGuid = {572B700F-FA39-4FD4-8C09-925248D62262}
	EndGlobalSection
EndGlobal
